
Microsoft Visual Studio Solution File, Format Version 12.00
# Visual Studio Version 17
VisualStudioVersion = 17.5.33530.505
MinimumVisualStudioVersion = 10.0.40219.1
Project("{FAE04EC0-301F-11D3-BF4B-00C04F79EFBC}") = "Myappictionsln", "Myappictionsln.csproj", "{899DB595-F7E4-40FF-8B15-25A6BC2E427B}"
EndProject
Global
	GlobalSection(SolutionConfigurationPlatforms) = preSolution
		Debug|Any CPU = Debug|Any CPU
		Release|Any CPU = Release|Any CPU
	EndGlobalSection
	GlobalSection(ProjectConfigurationPlatforms) = postSolution
		{899DB595-F7E4-40FF-8B15-25A6BC2E427B}.Debug|Any CPU.ActiveCfg = Debug|Any CPU
		{899DB595-F7E4-40FF-8B15-25A6BC2E427B}.Debug|Any CPU.Build.0 = Debug|Any CPU
		{899DB595-F7E4-40FF-8B15-25A6BC2E427B}.Release|Any CPU.ActiveCfg = Release|Any CPU
		{899DB595-F7E4-40FF-8B15-25A6BC2E427B}.Release|Any CPU.Build.0 = Release|Any CPU
	EndGlobalSection
	GlobalSection(SolutionProperties) = preSolution
		HideSolutionNode = FALSE
	EndGlobalSection
	GlobalSection(ExtensibilityGlobals) = postSolution
		SolutionGuid = {BFB26E6C-0E08-465F-AA27-721FDBB8E6C4}
	EndGlobalSection
EndGlobal
